// !$*UTF8*$!
{
	archiveVersion = 1;
	classes = {
	};
	objectVersion = 56;
	objects = {

/* Begin PBXBuildFile section */
		CE5D55AE29A5074200C012C3 /* Response.swift in Sources */ = {isa = PBXBuildFile; fileRef = CE5D55AD29A5074100C012C3 /* Response.swift */; };
		CE5D55B229A52E3000C012C3 /* ConstansTemplate.swift in Sources */ = {isa = PBXBuildFile; fileRef = CE5D55B129A52E3000C012C3 /* ConstansTemplate.swift */; };
		CEB10EAE29A3A2F7007A3557 /* AppDelegate.swift in Sources */ = {isa = PBXBuildFile; fileRef = CEB10EAD29A3A2F7007A3557 /* AppDelegate.swift */; };
		CEB10EB029A3A2F7007A3557 /* SceneDelegate.swift in Sources */ = {isa = PBXBuildFile; fileRef = CEB10EAF29A3A2F7007A3557 /* SceneDelegate.swift */; };
		CEB10EB229A3A2F7007A3557 /* ViewController.swift in Sources */ = {isa = PBXBuildFile; fileRef = CEB10EB129A3A2F7007A3557 /* ViewController.swift */; };
		CEB10EB529A3A2F7007A3557 /* Main.storyboard in Resources */ = {isa = PBXBuildFile; fileRef = CEB10EB329A3A2F7007A3557 /* Main.storyboard */; };
		CEB10EB729A3A2F8007A3557 /* Assets.xcassets in Resources */ = {isa = PBXBuildFile; fileRef = CEB10EB629A3A2F8007A3557 /* Assets.xcassets */; };
		CEB10EBA29A3A2F8007A3557 /* LaunchScreen.storyboard in Resources */ = {isa = PBXBuildFile; fileRef = CEB10EB829A3A2F8007A3557 /* LaunchScreen.storyboard */; };
		CEB10EC229A3C817007A3557 /* Constants.swift in Sources */ = {isa = PBXBuildFile; fileRef = CEB10EC129A3C817007A3557 /* Constants.swift */; };
		CEB10EC429A3CA3E007A3557 /* Video.swift in Sources */ = {isa = PBXBuildFile; fileRef = CEB10EC329A3CA3E007A3557 /* Video.swift */; };
		CEB10EC629A3CAB0007A3557 /* Model.swift in Sources */ = {isa = PBXBuildFile; fileRef = CEB10EC529A3CAB0007A3557 /* Model.swift */; };
		CEEAF79829A6490C0080FC37 /* VideoTableViewCell.swift in Sources */ = {isa = PBXBuildFile; fileRef = CEEAF79729A6490C0080FC37 /* VideoTableViewCell.swift */; };
		CEEAF79A29A6553A0080FC37 /* CacheManager.swift in Sources */ = {isa = PBXBuildFile; fileRef = CEEAF79929A6553A0080FC37 /* CacheManager.swift */; };
		CEEAF79C29A65ABD0080FC37 /* DetailViewController.swift in Sources */ = {isa = PBXBuildFile; fileRef = CEEAF79B29A65ABD0080FC37 /* DetailViewController.swift */; };
/* End PBXBuildFile section */

/* Begin PBXFileReference section */
		CE5D55AD29A5074100C012C3 /* Response.swift */ = {isa = PBXFileReference; lastKnownFileType = sourcecode.swift; path = Response.swift; sourceTree = "<group>"; };
		CE5D55B129A52E3000C012C3 /* ConstansTemplate.swift */ = {isa = PBXFileReference; lastKnownFileType = sourcecode.swift; path = ConstansTemplate.swift; sourceTree = "<group>"; };
		CEB10EAA29A3A2F7007A3557 /* YouTubeApi.app */ = {isa = PBXFileReference; explicitFileType = wrapper.application; includeInIndex = 0; path = YouTubeApi.app; sourceTree = BUILT_PRODUCTS_DIR; };
		CEB10EAD29A3A2F7007A3557 /* AppDelegate.swift */ = {isa = PBXFileReference; lastKnownFileType = sourcecode.swift; path = AppDelegate.swift; sourceTree = "<group>"; };
		CEB10EAF29A3A2F7007A3557 /* SceneDelegate.swift */ = {isa = PBXFileReference; lastKnownFileType = sourcecode.swift; path = SceneDelegate.swift; sourceTree = "<group>"; };
		CEB10EB129A3A2F7007A3557 /* ViewController.swift */ = {isa = PBXFileReference; lastKnownFileType = sourcecode.swift; path = ViewController.swift; sourceTree = "<group>"; };
		CEB10EB429A3A2F7007A3557 /* Base */ = {isa = PBXFileReference; lastKnownFileType = file.storyboard; name = Base; path = Base.lproj/Main.storyboard; sourceTree = "<group>"; };
		CEB10EB629A3A2F8007A3557 /* Assets.xcassets */ = {isa = PBXFileReference; lastKnownFileType = folder.assetcatalog; path = Assets.xcassets; sourceTree = "<group>"; };
		CEB10EB929A3A2F8007A3557 /* Base */ = {isa = PBXFileReference; lastKnownFileType = file.storyboard; name = Base; path = Base.lproj/LaunchScreen.storyboard; sourceTree = "<group>"; };
		CEB10EBB29A3A2F8007A3557 /* Info.plist */ = {isa = PBXFileReference; lastKnownFileType = text.plist.xml; path = Info.plist; sourceTree = "<group>"; };
		CEB10EC129A3C817007A3557 /* Constants.swift */ = {isa = PBXFileReference; lastKnownFileType = sourcecode.swift; path = Constants.swift; sourceTree = "<group>"; };
		CEB10EC329A3CA3E007A3557 /* Video.swift */ = {isa = PBXFileReference; lastKnownFileType = sourcecode.swift; path = Video.swift; sourceTree = "<group>"; };
		CEB10EC529A3CAB0007A3557 /* Model.swift */ = {isa = PBXFileReference; lastKnownFileType = sourcecode.swift; path = Model.swift; sourceTree = "<group>"; };
		CEEAF79729A6490C0080FC37 /* VideoTableViewCell.swift */ = {isa = PBXFileReference; lastKnownFileType = sourcecode.swift; path = VideoTableViewCell.swift; sourceTree = "<group>"; };
		CEEAF79929A6553A0080FC37 /* CacheManager.swift */ = {isa = PBXFileReference; lastKnownFileType = sourcecode.swift; path = CacheManager.swift; sourceTree = "<group>"; };
		CEEAF79B29A65ABD0080FC37 /* DetailViewController.swift */ = {isa = PBXFileReference; lastKnownFileType = sourcecode.swift; path = DetailViewController.swift; sourceTree = "<group>"; };
/* End PBXFileReference section */

/* Begin PBXFrameworksBuildPhase section */
		CEB10EA729A3A2F7007A3557 /* Frameworks */ = {
			isa = PBXFrameworksBuildPhase;
			buildActionMask = 2147483647;
			files = (
			);
			runOnlyForDeploymentPostprocessing = 0;
		};
/* End PBXFrameworksBuildPhase section */

/* Begin PBXGroup section */
		CEB10EA129A3A2F7007A3557 = {
			isa = PBXGroup;
			children = (
				CEB10EAC29A3A2F7007A3557 /* YouTubeApi */,
				CEB10EAB29A3A2F7007A3557 /* Products */,
			);
			sourceTree = "<group>";
		};
		CEB10EAB29A3A2F7007A3557 /* Products */ = {
			isa = PBXGroup;
			children = (
				CEB10EAA29A3A2F7007A3557 /* YouTubeApi.app */,
			);
			name = Products;
			sourceTree = "<group>";
		};
		CEB10EAC29A3A2F7007A3557 /* YouTubeApi */ = {
			isa = PBXGroup;
			children = (
				CEB10EAD29A3A2F7007A3557 /* AppDelegate.swift */,
				CEB10EAF29A3A2F7007A3557 /* SceneDelegate.swift */,
				CEEAF79629A6482B0080FC37 /* Helpers */,
				CEEAF79529A647D90080FC37 /* Views */,
				CEEAF79429A647C80080FC37 /* Models */,
				CEEAF79329A647B10080FC37 /* Storyboards */,
				CEEAF79229A6479C0080FC37 /* View Controllers */,
				CEB10EB629A3A2F8007A3557 /* Assets.xcassets */,
				CEB10EBB29A3A2F8007A3557 /* Info.plist */,
			);
			path = YouTubeApi;
			sourceTree = "<group>";
		};
		CEEAF79229A6479C0080FC37 /* View Controllers */ = {
			isa = PBXGroup;
			children = (
				CEB10EB129A3A2F7007A3557 /* ViewController.swift */,
				CEEAF79B29A65ABD0080FC37 /* DetailViewController.swift */,
			);
			path = "View Controllers";
			sourceTree = "<group>";
		};
		CEEAF79329A647B10080FC37 /* Storyboards */ = {
			isa = PBXGroup;
			children = (
				CEB10EB329A3A2F7007A3557 /* Main.storyboard */,
				CEB10EB829A3A2F8007A3557 /* LaunchScreen.storyboard */,
			);
			path = Storyboards;
			sourceTree = "<group>";
		};
		CEEAF79429A647C80080FC37 /* Models */ = {
			isa = PBXGroup;
			children = (
				CE5D55AD29A5074100C012C3 /* Response.swift */,
				CEB10EC329A3CA3E007A3557 /* Video.swift */,
				CEB10EC529A3CAB0007A3557 /* Model.swift */,
			);
			path = Models;
			sourceTree = "<group>";
		};
		CEEAF79529A647D90080FC37 /* Views */ = {
			isa = PBXGroup;
			children = (
				CEEAF79729A6490C0080FC37 /* VideoTableViewCell.swift */,
			);
			path = Views;
			sourceTree = "<group>";
		};
		CEEAF79629A6482B0080FC37 /* Helpers */ = {
			isa = PBXGroup;
			children = (
				CE5D55B129A52E3000C012C3 /* ConstansTemplate.swift */,
				CEB10EC129A3C817007A3557 /* Constants.swift */,
				CEEAF79929A6553A0080FC37 /* CacheManager.swift */,
			);
			path = Helpers;
			sourceTree = "<group>";
		};
/* End PBXGroup section */

/* Begin PBXNativeTarget section */
		CEB10EA929A3A2F7007A3557 /* YouTubeApi */ = {
			isa = PBXNativeTarget;
			buildConfigurationList = CEB10EBE29A3A2F8007A3557 /* Build configuration list for PBXNativeTarget "YouTubeApi" */;
			buildPhases = (
				CEB10EA629A3A2F7007A3557 /* Sources */,
				CEB10EA729A3A2F7007A3557 /* Frameworks */,
				CEB10EA829A3A2F7007A3557 /* Resources */,
			);
			buildRules = (
			);
			dependencies = (
			);
			name = YouTubeApi;
			productName = YouTubeApi;
			productReference = CEB10EAA29A3A2F7007A3557 /* YouTubeApi.app */;
			productType = "com.apple.product-type.application";
		};
/* End PBXNativeTarget section */

/* Begin PBXProject section */
		CEB10EA229A3A2F7007A3557 /* Project object */ = {
			isa = PBXProject;
			attributes = {
				BuildIndependentTargetsInParallel = 1;
				LastSwiftUpdateCheck = 1420;
				LastUpgradeCheck = 1420;
				TargetAttributes = {
					CEB10EA929A3A2F7007A3557 = {
						CreatedOnToolsVersion = 14.2;
					};
				};
			};
			buildConfigurationList = CEB10EA529A3A2F7007A3557 /* Build configuration list for PBXProject "YouTubeApi" */;
			compatibilityVersion = "Xcode 14.0";
			developmentRegion = en;
			hasScannedForEncodings = 0;
			knownRegions = (
				en,
				Base,
			);
			mainGroup = CEB10EA129A3A2F7007A3557;
			productRefGroup = CEB10EAB29A3A2F7007A3557 /* Products */;
			projectDirPath = "";
			projectRoot = "";
			targets = (
				CEB10EA929A3A2F7007A3557 /* YouTubeApi */,
			);
		};
/* End PBXProject section */

/* Begin PBXResourcesBuildPhase section */
		CEB10EA829A3A2F7007A3557 /* Resources */ = {
			isa = PBXResourcesBuildPhase;
			buildActionMask = 2147483647;
			files = (
				CEB10EBA29A3A2F8007A3557 /* LaunchScreen.storyboard in Resources */,
				CEB10EB729A3A2F8007A3557 /* Assets.xcassets in Resources */,
				CEB10EB529A3A2F7007A3557 /* Main.storyboard in Resources */,
			);
			runOnlyForDeploymentPostprocessing = 0;
		};
/* End PBXResourcesBuildPhase section */

/* Begin PBXSourcesBuildPhase section */
		CEB10EA629A3A2F7007A3557 /* Sources */ = {
			isa = PBXSourcesBuildPhase;
			buildActionMask = 2147483647;
			files = (
				CEEAF79C29A65ABD0080FC37 /* DetailViewController.swift in Sources */,
				CEB10EB229A3A2F7007A3557 /* ViewController.swift in Sources */,
				CEB10EAE29A3A2F7007A3557 /* AppDelegate.swift in Sources */,
				CEB10EC229A3C817007A3557 /* Constants.swift in Sources */,
				CEB10EC629A3CAB0007A3557 /* Model.swift in Sources */,
				CEB10EB029A3A2F7007A3557 /* SceneDelegate.swift in Sources */,
				CEB10EC429A3CA3E007A3557 /* Video.swift in Sources */,
				CEEAF79A29A6553A0080FC37 /* CacheManager.swift in Sources */,
				CE5D55B229A52E3000C012C3 /* ConstansTemplate.swift in Sources */,
				CE5D55AE29A5074200C012C3 /* Response.swift in Sources */,
				CEEAF79829A6490C0080FC37 /* VideoTableViewCell.swift in Sources */,
			);
			runOnlyForDeploymentPostprocessing = 0;
		};
/* End PBXSourcesBuildPhase section */

/* Begin PBXVariantGroup section */
		CEB10EB329A3A2F7007A3557 /* Main.storyboard */ = {
			isa = PBXVariantGroup;
			children = (
				CEB10EB429A3A2F7007A3557 /* Base */,
			);
			name = Main.storyboard;
			sourceTree = "<group>";
		};
		CEB10EB829A3A2F8007A3557 /* LaunchScreen.storyboard */ = {
			isa = PBXVariantGroup;
			children = (
				CEB10EB929A3A2F8007A3557 /* Base */,
			);
			name = LaunchScreen.storyboard;
			sourceTree = "<group>";
		};
/* End PBXVariantGroup section */

/* Begin XCBuildConfiguration section */
		CEB10EBC29A3A2F8007A3557 /* Debug */ = {
			isa = XCBuildConfiguration;
			buildSettings = {
				ALWAYS_SEARCH_USER_PATHS = NO;
				CLANG_ANALYZER_NONNULL = YES;
				CLANG_ANALYZER_NUMBER_OBJECT_CONVERSION = YES_AGGRESSIVE;
				CLANG_CXX_LANGUAGE_STANDARD = "gnu++20";
				CLANG_ENABLE_MODULES = YES;
				CLANG_ENABLE_OBJC_ARC = YES;
				CLANG_ENABLE_OBJC_WEAK = YES;
				CLANG_WARN_BLOCK_CAPTURE_AUTORELEASING = YES;
				CLANG_WARN_BOOL_CONVERSION = YES;
				CLANG_WARN_COMMA = YES;
				CLANG_WARN_CONSTANT_CONVERSION = YES;
				CLANG_WARN_DEPRECATED_OBJC_IMPLEMENTATIONS = YES;
				CLANG_WARN_DIRECT_OBJC_ISA_USAGE = YES_ERROR;
				CLANG_WARN_DOCUMENTATION_COMMENTS = YES;
				CLANG_WARN_EMPTY_BODY = YES;
				CLANG_WARN_ENUM_CONVERSION = YES;
				CLANG_WARN_INFINITE_RECURSION = YES;
				CLANG_WARN_INT_CONVERSION = YES;
				CLANG_WARN_NON_LITERAL_NULL_CONVERSION = YES;
				CLANG_WARN_OBJC_IMPLICIT_RETAIN_SELF = YES;
				CLANG_WARN_OBJC_LITERAL_CONVERSION = YES;
				CLANG_WARN_OBJC_ROOT_CLASS = YES_ERROR;
				CLANG_WARN_QUOTED_INCLUDE_IN_FRAMEWORK_HEADER = YES;
				CLANG_WARN_RANGE_LOOP_ANALYSIS = YES;
				CLANG_WARN_STRICT_PROTOTYPES = YES;
				CLANG_WARN_SUSPICIOUS_MOVE = YES;
				CLANG_WARN_UNGUARDED_AVAILABILITY = YES_AGGRESSIVE;
				CLANG_WARN_UNREACHABLE_CODE = YES;
				CLANG_WARN__DUPLICATE_METHOD_MATCH = YES;
				COPY_PHASE_STRIP = NO;
				DEBUG_INFORMATION_FORMAT = dwarf;
				ENABLE_STRICT_OBJC_MSGSEND = YES;
				ENABLE_TESTABILITY = YES;
				GCC_C_LANGUAGE_STANDARD = gnu11;
				GCC_DYNAMIC_NO_PIC = NO;
				GCC_NO_COMMON_BLOCKS = YES;
				GCC_OPTIMIZATION_LEVEL = 0;
				GCC_PREPROCESSOR_DEFINITIONS = (
					"DEBUG=1",
					"$(inherited)",
				);
				GCC_WARN_64_TO_32_BIT_CONVERSION = YES;
				GCC_WARN_ABOUT_RETURN_TYPE = YES_ERROR;
				GCC_WARN_UNDECLARED_SELECTOR = YES;
				GCC_WARN_UNINITIALIZED_AUTOS = YES_AGGRESSIVE;
				GCC_WARN_UNUSED_FUNCTION = YES;
				GCC_WARN_UNUSED_VARIABLE = YES;
				IPHONEOS_DEPLOYMENT_TARGET = 16.2;
				MTL_ENABLE_DEBUG_INFO = INCLUDE_SOURCE;
				MTL_FAST_MATH = YES;
				ONLY_ACTIVE_ARCH = YES;
				SDKROOT = iphoneos;
				SWIFT_ACTIVE_COMPILATION_CONDITIONS = DEBUG;
				SWIFT_OPTIMIZATION_LEVEL = "-Onone";
			};
			name = Debug;
		};
		CEB10EBD29A3A2F8007A3557 /* Release */ = {
			isa = XCBuildConfiguration;
			buildSettings = {
				ALWAYS_SEARCH_USER_PATHS = NO;
				CLANG_ANALYZER_NONNULL = YES;
				CLANG_ANALYZER_NUMBER_OBJECT_CONVERSION = YES_AGGRESSIVE;
				CLANG_CXX_LANGUAGE_STANDARD = "gnu++20";
				CLANG_ENABLE_MODULES = YES;
				CLANG_ENABLE_OBJC_ARC = YES;
				CLANG_ENABLE_OBJC_WEAK = YES;
				CLANG_WARN_BLOCK_CAPTURE_AUTORELEASING = YES;
				CLANG_WARN_BOOL_CONVERSION = YES;
				CLANG_WARN_COMMA = YES;
				CLANG_WARN_CONSTANT_CONVERSION = YES;
				CLANG_WARN_DEPRECATED_OBJC_IMPLEMENTATIONS = YES;
				CLANG_WARN_DIRECT_OBJC_ISA_USAGE = YES_ERROR;
				CLANG_WARN_DOCUMENTATION_COMMENTS = YES;
				CLANG_WARN_EMPTY_BODY = YES;
				CLANG_WARN_ENUM_CONVERSION = YES;
				CLANG_WARN_INFINITE_RECURSION = YES;
				CLANG_WARN_INT_CONVERSION = YES;
				CLANG_WARN_NON_LITERAL_NULL_CONVERSION = YES;
				CLANG_WARN_OBJC_IMPLICIT_RETAIN_SELF = YES;
				CLANG_WARN_OBJC_LITERAL_CONVERSION = YES;
				CLANG_WARN_OBJC_ROOT_CLASS = YES_ERROR;
				CLANG_WARN_QUOTED_INCLUDE_IN_FRAMEWORK_HEADER = YES;
				CLANG_WARN_RANGE_LOOP_ANALYSIS = YES;
				CLANG_WARN_STRICT_PROTOTYPES = YES;
				CLANG_WARN_SUSPICIOUS_MOVE = YES;
				CLANG_WARN_UNGUARDED_AVAILABILITY = YES_AGGRESSIVE;
				CLANG_WARN_UNREACHABLE_CODE = YES;
				CLANG_WARN__DUPLICATE_METHOD_MATCH = YES;
				COPY_PHASE_STRIP = NO;
				DEBUG_INFORMATION_FORMAT = "dwarf-with-dsym";
				ENABLE_NS_ASSERTIONS = NO;
				ENABLE_STRICT_OBJC_MSGSEND = YES;
				GCC_C_LANGUAGE_STANDARD = gnu11;
				GCC_NO_COMMON_BLOCKS = YES;
				GCC_WARN_64_TO_32_BIT_CONVERSION = YES;
				GCC_WARN_ABOUT_RETURN_TYPE = YES_ERROR;
				GCC_WARN_UNDECLARED_SELECTOR = YES;
				GCC_WARN_UNINITIALIZED_AUTOS = YES_AGGRESSIVE;
				GCC_WARN_UNUSED_FUNCTION = YES;
				GCC_WARN_UNUSED_VARIABLE = YES;
				IPHONEOS_DEPLOYMENT_TARGET = 16.2;
				MTL_ENABLE_DEBUG_INFO = NO;
				MTL_FAST_MATH = YES;
				SDKROOT = iphoneos;
				SWIFT_COMPILATION_MODE = wholemodule;
				SWIFT_OPTIMIZATION_LEVEL = "-O";
				VALIDATE_PRODUCT = YES;
			};
			name = Release;
		};
		CEB10EBF29A3A2F8007A3557 /* Debug */ = {
			isa = XCBuildConfiguration;
			buildSettings = {
				ASSETCATALOG_COMPILER_APPICON_NAME = AppIcon;
				ASSETCATALOG_COMPILER_GLOBAL_ACCENT_COLOR_NAME = AccentColor;
				CODE_SIGN_STYLE = Automatic;
				CURRENT_PROJECT_VERSION = 1;
				DEVELOPMENT_TEAM = 27U24P6TTJ;
				GENERATE_INFOPLIST_FILE = YES;
				INFOPLIST_FILE = YouTubeApi/Info.plist;
				INFOPLIST_KEY_UIApplicationSupportsIndirectInputEvents = YES;
				INFOPLIST_KEY_UILaunchStoryboardName = LaunchScreen;
				INFOPLIST_KEY_UIMainStoryboardFile = Main;
				INFOPLIST_KEY_UISupportedInterfaceOrientations_iPad = "UIInterfaceOrientationPortrait UIInterfaceOrientationPortraitUpsideDown UIInterfaceOrientationLandscapeLeft UIInterfaceOrientationLandscapeRight";
				INFOPLIST_KEY_UISupportedInterfaceOrientations_iPhone = "UIInterfaceOrientationPortrait UIInterfaceOrientationLandscapeLeft UIInterfaceOrientationLandscapeRight";
				LD_RUNPATH_SEARCH_PATHS = (
					"$(inherited)",
					"@executable_path/Frameworks",
				);
				MARKETING_VERSION = 1.0;
				PRODUCT_BUNDLE_IDENTIFIER = com.liliyavelboy.YouTubeApi;
				PRODUCT_NAME = "$(TARGET_NAME)";
				SWIFT_EMIT_LOC_STRINGS = YES;
				SWIFT_VERSION = 5.0;
				TARGETED_DEVICE_FAMILY = "1,2";
			};
			name = Debug;
		};
		CEB10EC029A3A2F8007A3557 /* Release */ = {
			isa = XCBuildConfiguration;
			buildSettings = {
				ASSETCATALOG_COMPILER_APPICON_NAME = AppIcon;
				ASSETCATALOG_COMPILER_GLOBAL_ACCENT_COLOR_NAME = AccentColor;
				CODE_SIGN_STYLE = Automatic;
				CURRENT_PROJECT_VERSION = 1;
				DEVELOPMENT_TEAM = 27U24P6TTJ;
				GENERATE_INFOPLIST_FILE = YES;
				INFOPLIST_FILE = YouTubeApi/Info.plist;
				INFOPLIST_KEY_UIApplicationSupportsIndirectInputEvents = YES;
				INFOPLIST_KEY_UILaunchStoryboardName = LaunchScreen;
				INFOPLIST_KEY_UIMainStoryboardFile = Main;
				INFOPLIST_KEY_UISupportedInterfaceOrientations_iPad = "UIInterfaceOrientationPortrait UIInterfaceOrientationPortraitUpsideDown UIInterfaceOrientationLandscapeLeft UIInterfaceOrientationLandscapeRight";
				INFOPLIST_KEY_UISupportedInterfaceOrientations_iPhone = "UIInterfaceOrientationPortrait UIInterfaceOrientationLandscapeLeft UIInterfaceOrientationLandscapeRight";
				LD_RUNPATH_SEARCH_PATHS = (
					"$(inherited)",
					"@executable_path/Frameworks",
				);
				MARKETING_VERSION = 1.0;
				PRODUCT_BUNDLE_IDENTIFIER = com.liliyavelboy.YouTubeApi;
				PRODUCT_NAME = "$(TARGET_NAME)";
				SWIFT_EMIT_LOC_STRINGS = YES;
				SWIFT_VERSION = 5.0;
				TARGETED_DEVICE_FAMILY = "1,2";
			};
			name = Release;
		};
/* End XCBuildConfiguration section */

/* Begin XCConfigurationList section */
		CEB10EA529A3A2F7007A3557 /* Build configuration list for PBXProject "YouTubeApi" */ = {
			isa = XCConfigurationList;
			buildConfigurations = (
				CEB10EBC29A3A2F8007A3557 /* Debug */,
				CEB10EBD29A3A2F8007A3557 /* Release */,
			);
			defaultConfigurationIsVisible = 0;
			defaultConfigurationName = Release;
		};
		CEB10EBE29A3A2F8007A3557 /* Build configuration list for PBXNativeTarget "YouTubeApi" */ = {
			isa = XCConfigurationList;
			buildConfigurations = (
				CEB10EBF29A3A2F8007A3557 /* Debug */,
				CEB10EC029A3A2F8007A3557 /* Release */,
			);
			defaultConfigurationIsVisible = 0;
			defaultConfigurationName = Release;
		};
/* End XCConfigurationList section */
	};
	rootObject = CEB10EA229A3A2F7007A3557 /* Project object */;
}
